
Microsoft Visual Studio Solution File, Format Version 12.00
# Visual Studio Version 16
VisualStudioVersion = 16.0.31313.79
MinimumVisualStudioVersion = 10.0.40219.1
Project("{9A19103F-16F7-4668-BE54-9A1E7A4F7556}") = "TCPClient(2)", "MegaLab\TCPClient(2).csproj", "{117B67EB-EB5F-4A76-86C7-F36E72CB95DB}"
EndProject
Project("{9A19103F-16F7-4668-BE54-9A1E7A4F7556}") = "TCPServer", "TCPServer\TCPServer.csproj", "{8779A3AE-66EF-48DF-B3D6-85E4B29A3E27}"
EndProject
Project("{9A19103F-16F7-4668-BE54-9A1E7A4F7556}") = "Client", "Client\Client.csproj", "{06990E7F-B5BC-49B0-9E87-B4DDC2D963C4}"
EndProject
Project("{FAE04EC0-301F-11D3-BF4B-00C04F79EFBC}") = "DBManager", "DBManager\DBManager.csproj", "{326117A7-40D3-4C01-BF65-46633470938A}"
EndProject
Global
	GlobalSection(SolutionConfigurationPlatforms) = preSolution
		Debug|Any CPU = Debug|Any CPU
		Release|Any CPU = Release|Any CPU
	EndGlobalSection
	GlobalSection(ProjectConfigurationPlatforms) = postSolution
		{117B67EB-EB5F-4A76-86C7-F36E72CB95DB}.Debug|Any CPU.ActiveCfg = Debug|Any CPU
		{117B67EB-EB5F-4A76-86C7-F36E72CB95DB}.Debug|Any CPU.Build.0 = Debug|Any CPU
		{117B67EB-EB5F-4A76-86C7-F36E72CB95DB}.Release|Any CPU.ActiveCfg = Release|Any CPU
		{117B67EB-EB5F-4A76-86C7-F36E72CB95DB}.Release|Any CPU.Build.0 = Release|Any CPU
		{8779A3AE-66EF-48DF-B3D6-85E4B29A3E27}.Debug|Any CPU.ActiveCfg = Debug|Any CPU
		{8779A3AE-66EF-48DF-B3D6-85E4B29A3E27}.Debug|Any CPU.Build.0 = Debug|Any CPU
		{8779A3AE-66EF-48DF-B3D6-85E4B29A3E27}.Release|Any CPU.ActiveCfg = Release|Any CPU
		{8779A3AE-66EF-48DF-B3D6-85E4B29A3E27}.Release|Any CPU.Build.0 = Release|Any CPU
		{06990E7F-B5BC-49B0-9E87-B4DDC2D963C4}.Debug|Any CPU.ActiveCfg = Debug|Any CPU
		{06990E7F-B5BC-49B0-9E87-B4DDC2D963C4}.Debug|Any CPU.Build.0 = Debug|Any CPU
		{06990E7F-B5BC-49B0-9E87-B4DDC2D963C4}.Release|Any CPU.ActiveCfg = Release|Any CPU
		{06990E7F-B5BC-49B0-9E87-B4DDC2D963C4}.Release|Any CPU.Build.0 = Release|Any CPU
		{326117A7-40D3-4C01-BF65-46633470938A}.Debug|Any CPU.ActiveCfg = Debug|Any CPU
		{326117A7-40D3-4C01-BF65-46633470938A}.Debug|Any CPU.Build.0 = Debug|Any CPU
		{326117A7-40D3-4C01-BF65-46633470938A}.Release|Any CPU.ActiveCfg = Release|Any CPU
		{326117A7-40D3-4C01-BF65-46633470938A}.Release|Any CPU.Build.0 = Release|Any CPU
	EndGlobalSection
	GlobalSection(SolutionProperties) = preSolution
		HideSolutionNode = FALSE
	EndGlobalSection
	GlobalSection(ExtensibilityGlobals) = postSolution
		SolutionGuid = {D65597BC-7EA8-4106-81BD-DB29AA802052}
	EndGlobalSection
EndGlobal
